
Microsoft Visual Studio Solution File, Format Version 12.00
# Visual Studio Version 17
VisualStudioVersion = 17.2.32616.157
MinimumVisualStudioVersion = 10.0.40219.1
Project("{FAE04EC0-301F-11D3-BF4B-00C04F79EFBC}") = "BootcampDevOps2Challenge", "BootcampDevOps2Challenge.csproj", "{FE0E91F0-7999-4135-8FA8-1540D5FD9AD0}"
EndProject
Global
	GlobalSection(SolutionConfigurationPlatforms) = preSolution
		Debug|Any CPU = Debug|Any CPU
		Release|Any CPU = Release|Any CPU
	EndGlobalSection
	GlobalSection(ProjectConfigurationPlatforms) = postSolution
		{FE0E91F0-7999-4135-8FA8-1540D5FD9AD0}.Debug|Any CPU.ActiveCfg = Debug|Any CPU
		{FE0E91F0-7999-4135-8FA8-1540D5FD9AD0}.Debug|Any CPU.Build.0 = Debug|Any CPU
		{FE0E91F0-7999-4135-8FA8-1540D5FD9AD0}.Release|Any CPU.ActiveCfg = Release|Any CPU
		{FE0E91F0-7999-4135-8FA8-1540D5FD9AD0}.Release|Any CPU.Build.0 = Release|Any CPU
	EndGlobalSection
	GlobalSection(SolutionProperties) = preSolution
		HideSolutionNode = FALSE
	EndGlobalSection
	GlobalSection(ExtensibilityGlobals) = postSolution
		SolutionGuid = {C4548B58-D995-4564-BB25-0E624CFA1F80}
	EndGlobalSection
EndGlobal
